
Microsoft Visual Studio Solution File, Format Version 12.00
# Visual Studio Version 17
VisualStudioVersion = 17.6.33723.286
MinimumVisualStudioVersion = 10.0.40219.1
Project("{8BC9CEB8-8B4A-11D0-8D11-00A0C91BC942}") = "TensorRTCalibrator", "tensorRTCalibrator\tensorRTCalibrator.vcxproj", "{1ECD7586-7934-4836-AD25-489E2E6B9D36}"
EndProject
Project("{8BC9CEB8-8B4A-11D0-8D11-00A0C91BC942}") = "TensorRT_INT8_PTQ", "TensorRT_INT8_PTQ\TensorRT_INT8_PTQ.vcxproj", "{4038A85D-8D7D-4017-88AF-EFFC595E98CC}"
EndProject
Project("{8BC9CEB8-8B4A-11D0-8D11-00A0C91BC942}") = "CudaMemcpy", "CudaMemcpy\testCudaMemcpy.vcxproj", "{8CC8028D-1E5D-406E-8F9B-BD21D3493AC8}"
EndProject
Project("{8BC9CEB8-8B4A-11D0-8D11-00A0C91BC942}") = "TensorRTDemo", "TensorRTDemo\testTensorRT.vcxproj", "{68BE4EA0-5E61-466C-B6D3-BCB5555FC387}"
EndProject
Project("{8BC9CEB8-8B4A-11D0-8D11-00A0C91BC942}") = "CUDADLL", "CUDADLL\CUDADLL.vcxproj", "{27B2A371-DDC0-4102-A11D-ABBCF4F2291F}"
EndProject
Project("{8BC9CEB8-8B4A-11D0-8D11-00A0C91BC942}") = "CUDADLLTest", "CUDADLLTest\test.vcxproj", "{C2490F0E-4875-4111-AD82-406978824455}"
EndProject
Project("{8BC9CEB8-8B4A-11D0-8D11-00A0C91BC942}") = "TensorRT_INT8_Seg", "TensorRT_INT8_Seg\TensorRT_INT8_Seg.vcxproj", "{FEE3F67D-CF62-46F2-ADE0-744592C72F86}"
EndProject
Project("{8BC9CEB8-8B4A-11D0-8D11-00A0C91BC942}") = "CUDADemo", "CUDADemo\CUDADemo.vcxproj", "{2F7468D2-760B-49D2-B434-B7AF3969879C}"
EndProject
Global
	GlobalSection(SolutionConfigurationPlatforms) = preSolution
		Debug|x64 = Debug|x64
		Debug|x86 = Debug|x86
		Release|x64 = Release|x64
		Release|x86 = Release|x86
	EndGlobalSection
	GlobalSection(ProjectConfigurationPlatforms) = postSolution
		{1ECD7586-7934-4836-AD25-489E2E6B9D36}.Debug|x64.ActiveCfg = Debug|x64
		{1ECD7586-7934-4836-AD25-489E2E6B9D36}.Debug|x64.Build.0 = Debug|x64
		{1ECD7586-7934-4836-AD25-489E2E6B9D36}.Debug|x86.ActiveCfg = Debug|Win32
		{1ECD7586-7934-4836-AD25-489E2E6B9D36}.Debug|x86.Build.0 = Debug|Win32
		{1ECD7586-7934-4836-AD25-489E2E6B9D36}.Release|x64.ActiveCfg = Release|x64
		{1ECD7586-7934-4836-AD25-489E2E6B9D36}.Release|x64.Build.0 = Release|x64
		{1ECD7586-7934-4836-AD25-489E2E6B9D36}.Release|x86.ActiveCfg = Release|Win32
		{1ECD7586-7934-4836-AD25-489E2E6B9D36}.Release|x86.Build.0 = Release|Win32
		{4038A85D-8D7D-4017-88AF-EFFC595E98CC}.Debug|x64.ActiveCfg = Debug|x64
		{4038A85D-8D7D-4017-88AF-EFFC595E98CC}.Debug|x64.Build.0 = Debug|x64
		{4038A85D-8D7D-4017-88AF-EFFC595E98CC}.Debug|x86.ActiveCfg = Debug|Win32
		{4038A85D-8D7D-4017-88AF-EFFC595E98CC}.Debug|x86.Build.0 = Debug|Win32
		{4038A85D-8D7D-4017-88AF-EFFC595E98CC}.Release|x64.ActiveCfg = Release|x64
		{4038A85D-8D7D-4017-88AF-EFFC595E98CC}.Release|x64.Build.0 = Release|x64
		{4038A85D-8D7D-4017-88AF-EFFC595E98CC}.Release|x86.ActiveCfg = Release|Win32
		{4038A85D-8D7D-4017-88AF-EFFC595E98CC}.Release|x86.Build.0 = Release|Win32
		{8CC8028D-1E5D-406E-8F9B-BD21D3493AC8}.Debug|x64.ActiveCfg = Debug|x64
		{8CC8028D-1E5D-406E-8F9B-BD21D3493AC8}.Debug|x64.Build.0 = Debug|x64
		{8CC8028D-1E5D-406E-8F9B-BD21D3493AC8}.Debug|x86.ActiveCfg = Debug|Win32
		{8CC8028D-1E5D-406E-8F9B-BD21D3493AC8}.Debug|x86.Build.0 = Debug|Win32
		{8CC8028D-1E5D-406E-8F9B-BD21D3493AC8}.Release|x64.ActiveCfg = Release|x64
		{8CC8028D-1E5D-406E-8F9B-BD21D3493AC8}.Release|x64.Build.0 = Release|x64
		{8CC8028D-1E5D-406E-8F9B-BD21D3493AC8}.Release|x86.ActiveCfg = Release|Win32
		{8CC8028D-1E5D-406E-8F9B-BD21D3493AC8}.Release|x86.Build.0 = Release|Win32
		{68BE4EA0-5E61-466C-B6D3-BCB5555FC387}.Debug|x64.ActiveCfg = Debug|x64
		{68BE4EA0-5E61-466C-B6D3-BCB5555FC387}.Debug|x64.Build.0 = Debug|x64
		{68BE4EA0-5E61-466C-B6D3-BCB5555FC387}.Debug|x86.ActiveCfg = Debug|Win32
		{68BE4EA0-5E61-466C-B6D3-BCB5555FC387}.Debug|x86.Build.0 = Debug|Win32
		{68BE4EA0-5E61-466C-B6D3-BCB5555FC387}.Release|x64.ActiveCfg = Release|x64
		{68BE4EA0-5E61-466C-B6D3-BCB5555FC387}.Release|x64.Build.0 = Release|x64
		{68BE4EA0-5E61-466C-B6D3-BCB5555FC387}.Release|x86.ActiveCfg = Release|Win32
		{68BE4EA0-5E61-466C-B6D3-BCB5555FC387}.Release|x86.Build.0 = Release|Win32
		{27B2A371-DDC0-4102-A11D-ABBCF4F2291F}.Debug|x64.ActiveCfg = Debug|x64
		{27B2A371-DDC0-4102-A11D-ABBCF4F2291F}.Debug|x64.Build.0 = Debug|x64
		{27B2A371-DDC0-4102-A11D-ABBCF4F2291F}.Debug|x86.ActiveCfg = Debug|Win32
		{27B2A371-DDC0-4102-A11D-ABBCF4F2291F}.Debug|x86.Build.0 = Debug|Win32
		{27B2A371-DDC0-4102-A11D-ABBCF4F2291F}.Release|x64.ActiveCfg = Release|x64
		{27B2A371-DDC0-4102-A11D-ABBCF4F2291F}.Release|x64.Build.0 = Release|x64
		{27B2A371-DDC0-4102-A11D-ABBCF4F2291F}.Release|x86.ActiveCfg = Release|Win32
		{27B2A371-DDC0-4102-A11D-ABBCF4F2291F}.Release|x86.Build.0 = Release|Win32
		{C2490F0E-4875-4111-AD82-406978824455}.Debug|x64.ActiveCfg = Debug|x64
		{C2490F0E-4875-4111-AD82-406978824455}.Debug|x64.Build.0 = Debug|x64
		{C2490F0E-4875-4111-AD82-406978824455}.Debug|x86.ActiveCfg = Debug|Win32
		{C2490F0E-4875-4111-AD82-406978824455}.Debug|x86.Build.0 = Debug|Win32
		{C2490F0E-4875-4111-AD82-406978824455}.Release|x64.ActiveCfg = Release|x64
		{C2490F0E-4875-4111-AD82-406978824455}.Release|x64.Build.0 = Release|x64
		{C2490F0E-4875-4111-AD82-406978824455}.Release|x86.ActiveCfg = Release|Win32
		{C2490F0E-4875-4111-AD82-406978824455}.Release|x86.Build.0 = Release|Win32
		{FEE3F67D-CF62-46F2-ADE0-744592C72F86}.Debug|x64.ActiveCfg = Debug|x64
		{FEE3F67D-CF62-46F2-ADE0-744592C72F86}.Debug|x64.Build.0 = Debug|x64
		{FEE3F67D-CF62-46F2-ADE0-744592C72F86}.Debug|x86.ActiveCfg = Debug|Win32
		{FEE3F67D-CF62-46F2-ADE0-744592C72F86}.Debug|x86.Build.0 = Debug|Win32
		{FEE3F67D-CF62-46F2-ADE0-744592C72F86}.Release|x64.ActiveCfg = Release|x64
		{FEE3F67D-CF62-46F2-ADE0-744592C72F86}.Release|x64.Build.0 = Release|x64
		{FEE3F67D-CF62-46F2-ADE0-744592C72F86}.Release|x86.ActiveCfg = Release|Win32
		{FEE3F67D-CF62-46F2-ADE0-744592C72F86}.Release|x86.Build.0 = Release|Win32
		{2F7468D2-760B-49D2-B434-B7AF3969879C}.Debug|x64.ActiveCfg = Debug|x64
		{2F7468D2-760B-49D2-B434-B7AF3969879C}.Debug|x64.Build.0 = Debug|x64
		{2F7468D2-760B-49D2-B434-B7AF3969879C}.Debug|x86.ActiveCfg = Debug|Win32
		{2F7468D2-760B-49D2-B434-B7AF3969879C}.Debug|x86.Build.0 = Debug|Win32
		{2F7468D2-760B-49D2-B434-B7AF3969879C}.Release|x64.ActiveCfg = Release|x64
		{2F7468D2-760B-49D2-B434-B7AF3969879C}.Release|x64.Build.0 = Release|x64
		{2F7468D2-760B-49D2-B434-B7AF3969879C}.Release|x86.ActiveCfg = Release|Win32
		{2F7468D2-760B-49D2-B434-B7AF3969879C}.Release|x86.Build.0 = Release|Win32
	EndGlobalSection
	GlobalSection(SolutionProperties) = preSolution
		HideSolutionNode = FALSE
	EndGlobalSection
	GlobalSection(ExtensibilityGlobals) = postSolution
		SolutionGuid = {1B180E39-690F-41E5-9232-00F1F78A5FE3}
	EndGlobalSection
EndGlobal
